// !$*UTF8*$!
{
	archiveVersion = 1;
	classes = {
	};
	objectVersion = 46;
	objects = {

/* Begin PBXBuildFile section */
		6D09E3041A691C8500ADAF2C /* main.m in Sources */ = {isa = PBXBuildFile; fileRef = 6D09E3031A691C8500ADAF2C /* main.m */; };
		6D09E3071A691C8500ADAF2C /* AppDelegate.m in Sources */ = {isa = PBXBuildFile; fileRef = 6D09E3061A691C8500ADAF2C /* AppDelegate.m */; };
		6D09E30A1A691C8500ADAF2C /* ViewController.m in Sources */ = {isa = PBXBuildFile; fileRef = 6D09E3091A691C8500ADAF2C /* ViewController.m */; };
		6D09E30D1A691C8500ADAF2C /* Main.storyboard in Resources */ = {isa = PBXBuildFile; fileRef = 6D09E30B1A691C8500ADAF2C /* Main.storyboard */; };
		6D09E30F1A691C8500ADAF2C /* Images.xcassets in Resources */ = {isa = PBXBuildFile; fileRef = 6D09E30E1A691C8500ADAF2C /* Images.xcassets */; };
		6D09E3121A691C8500ADAF2C /* LaunchScreen.xib in Resources */ = {isa = PBXBuildFile; fileRef = 6D09E3101A691C8500ADAF2C /* LaunchScreen.xib */; };
		6D09E31E1A691C8500ADAF2C /* OctcatRunTests.m in Sources */ = {isa = PBXBuildFile; fileRef = 6D09E31D1A691C8500ADAF2C /* OctcatRunTests.m */; };
/* End PBXBuildFile section */

/* Begin PBXContainerItemProxy section */
		6D09E3181A691C8500ADAF2C /* PBXContainerItemProxy */ = {
			isa = PBXContainerItemProxy;
			containerPortal = 6D09E2F61A691C8500ADAF2C /* Project object */;
			proxyType = 1;
			remoteGlobalIDString = 6D09E2FD1A691C8500ADAF2C;
			remoteInfo = OctcatRun;
		};
/* End PBXContainerItemProxy section */

/* Begin PBXFileReference section */
		6D09E2FE1A691C8500ADAF2C /* OctcatRun.app */ = {isa = PBXFileReference; explicitFileType = wrapper.application; includeInIndex = 0; path = OctcatRun.app; sourceTree = BUILT_PRODUCTS_DIR; };
		6D09E3021A691C8500ADAF2C /* Info.plist */ = {isa = PBXFileReference; lastKnownFileType = text.plist.xml; path = Info.plist; sourceTree = "<group>"; };
		6D09E3031A691C8500ADAF2C /* main.m */ = {isa = PBXFileReference; lastKnownFileType = sourcecode.c.objc; path = main.m; sourceTree = "<group>"; };
		6D09E3051A691C8500ADAF2C /* AppDelegate.h */ = {isa = PBXFileReference; lastKnownFileType = sourcecode.c.h; path = AppDelegate.h; sourceTree = "<group>"; };
		6D09E3061A691C8500ADAF2C /* AppDelegate.m */ = {isa = PBXFileReference; lastKnownFileType = sourcecode.c.objc; path = AppDelegate.m; sourceTree = "<group>"; };
		6D09E3081A691C8500ADAF2C /* ViewController.h */ = {isa = PBXFileReference; lastKnownFileType = sourcecode.c.h; path = ViewController.h; sourceTree = "<group>"; };
		6D09E3091A691C8500ADAF2C /* ViewController.m */ = {isa = PBXFileReference; lastKnownFileType = sourcecode.c.objc; path = ViewController.m; sourceTree = "<group>"; };
		6D09E30C1A691C8500ADAF2C /* Base */ = {isa = PBXFileReference; lastKnownFileType = file.storyboard; name = Base; path = Base.lproj/Main.storyboard; sourceTree = "<group>"; };
		6D09E30E1A691C8500ADAF2C /* Images.xcassets */ = {isa = PBXFileReference; lastKnownFileType = folder.assetcatalog; path = Images.xcassets; sourceTree = "<group>"; };
		6D09E3111A691C8500ADAF2C /* Base */ = {isa = PBXFileReference; lastKnownFileType = file.xib; name = Base; path = Base.lproj/LaunchScreen.xib; sourceTree = "<group>"; };
		6D09E3171A691C8500ADAF2C /* OctcatRunTests.xctest */ = {isa = PBXFileReference; explicitFileType = wrapper.cfbundle; includeInIndex = 0; path = OctcatRunTests.xctest; sourceTree = BUILT_PRODUCTS_DIR; };
		6D09E31C1A691C8500ADAF2C /* Info.plist */ = {isa = PBXFileReference; lastKnownFileType = text.plist.xml; path = Info.plist; sourceTree = "<group>"; };
		6D09E31D1A691C8500ADAF2C /* OctcatRunTests.m */ = {isa = PBXFileReference; lastKnownFileType = sourcecode.c.objc; path = OctcatRunTests.m; sourceTree = "<group>"; };
/* End PBXFileReference section */

/* Begin PBXFrameworksBuildPhase section */
		6D09E2FB1A691C8500ADAF2C /* Frameworks */ = {
			isa = PBXFrameworksBuildPhase;
			buildActionMask = 2147483647;
			files = (
			);
			runOnlyForDeploymentPostprocessing = 0;
		};
		6D09E3141A691C8500ADAF2C /* Frameworks */ = {
			isa = PBXFrameworksBuildPhase;
			buildActionMask = 2147483647;
			files = (
			);
			runOnlyForDeploymentPostprocessing = 0;
		};
/* End PBXFrameworksBuildPhase section */

/* Begin PBXGroup section */
		6D09E2F51A691C8500ADAF2C = {
			isa = PBXGroup;
			children = (
				6D09E3001A691C8500ADAF2C /* OctcatRun */,
				6D09E31A1A691C8500ADAF2C /* OctcatRunTests */,
				6D09E2FF1A691C8500ADAF2C /* Products */,
			);
			sourceTree = "<group>";
		};
		6D09E2FF1A691C8500ADAF2C /* Products */ = {
			isa = PBXGroup;
			children = (
				6D09E2FE1A691C8500ADAF2C /* OctcatRun.app */,
				6D09E3171A691C8500ADAF2C /* OctcatRunTests.xctest */,
			);
			name = Products;
			sourceTree = "<group>";
		};
		6D09E3001A691C8500ADAF2C /* OctcatRun */ = {
			isa = PBXGroup;
			children = (
				6D09E3051A691C8500ADAF2C /* AppDelegate.h */,
				6D09E3061A691C8500ADAF2C /* AppDelegate.m */,
				6D09E3081A691C8500ADAF2C /* ViewController.h */,
				6D09E3091A691C8500ADAF2C /* ViewController.m */,
				6D09E30B1A691C8500ADAF2C /* Main.storyboard */,
				6D09E30E1A691C8500ADAF2C /* Images.xcassets */,
				6D09E3101A691C8500ADAF2C /* LaunchScreen.xib */,
				6D09E3011A691C8500ADAF2C /* Supporting Files */,
			);
			path = OctcatRun;
			sourceTree = "<group>";
		};
		6D09E3011A691C8500ADAF2C /* Supporting Files */ = {
			isa = PBXGroup;
			children = (
				6D09E3021A691C8500ADAF2C /* Info.plist */,
				6D09E3031A691C8500ADAF2C /* main.m */,
			);
			name = "Supporting Files";
			sourceTree = "<group>";
		};
		6D09E31A1A691C8500ADAF2C /* OctcatRunTests */ = {
			isa = PBXGroup;
			children = (
				6D09E31D1A691C8500ADAF2C /* OctcatRunTests.m */,
				6D09E31B1A691C8500ADAF2C /* Supporting Files */,
			);
			path = OctcatRunTests;
			sourceTree = "<group>";
		};
		6D09E31B1A691C8500ADAF2C /* Supporting Files */ = {
			isa = PBXGroup;
			children = (
				6D09E31C1A691C8500ADAF2C /* Info.plist */,
			);
			name = "Supporting Files";
			sourceTree = "<group>";
		};
/* End PBXGroup section */

/* Begin PBXNativeTarget section */
		6D09E2FD1A691C8500ADAF2C /* OctcatRun */ = {
			isa = PBXNativeTarget;
			buildConfigurationList = 6D09E3211A691C8500ADAF2C /* Build configuration list for PBXNativeTarget "OctcatRun" */;
			buildPhases = (
				6D09E2FA1A691C8500ADAF2C /* Sources */,
				6D09E2FB1A691C8500ADAF2C /* Frameworks */,
				6D09E2FC1A691C8500ADAF2C /* Resources */,
			);
			buildRules = (
			);
			dependencies = (
			);
			name = OctcatRun;
			productName = OctcatRun;
			productReference = 6D09E2FE1A691C8500ADAF2C /* OctcatRun.app */;
			productType = "com.apple.product-type.application";
		};
		6D09E3161A691C8500ADAF2C /* OctcatRunTests */ = {
			isa = PBXNativeTarget;
			buildConfigurationList = 6D09E3241A691C8500ADAF2C /* Build configuration list for PBXNativeTarget "OctcatRunTests" */;
			buildPhases = (
				6D09E3131A691C8500ADAF2C /* Sources */,
				6D09E3141A691C8500ADAF2C /* Frameworks */,
				6D09E3151A691C8500ADAF2C /* Resources */,
			);
			buildRules = (
			);
			dependencies = (
				6D09E3191A691C8500ADAF2C /* PBXTargetDependency */,
			);
			name = OctcatRunTests;
			productName = OctcatRunTests;
			productReference = 6D09E3171A691C8500ADAF2C /* OctcatRunTests.xctest */;
			productType = "com.apple.product-type.bundle.unit-test";
		};
/* End PBXNativeTarget section */

/* Begin PBXProject section */
		6D09E2F61A691C8500ADAF2C /* Project object */ = {
			isa = PBXProject;
			attributes = {
				LastUpgradeCheck = 0610;
				ORGANIZATIONNAME = Moneyforward;
				TargetAttributes = {
					6D09E2FD1A691C8500ADAF2C = {
						CreatedOnToolsVersion = 6.1.1;
					};
					6D09E3161A691C8500ADAF2C = {
						CreatedOnToolsVersion = 6.1.1;
						TestTargetID = 6D09E2FD1A691C8500ADAF2C;
					};
				};
			};
			buildConfigurationList = 6D09E2F91A691C8500ADAF2C /* Build configuration list for PBXProject "OctcatRun" */;
			compatibilityVersion = "Xcode 3.2";
			developmentRegion = English;
			hasScannedForEncodings = 0;
			knownRegions = (
				en,
				Base,
			);
			mainGroup = 6D09E2F51A691C8500ADAF2C;
			productRefGroup = 6D09E2FF1A691C8500ADAF2C /* Products */;
			projectDirPath = "";
			projectRoot = "";
			targets = (
				6D09E2FD1A691C8500ADAF2C /* OctcatRun */,
				6D09E3161A691C8500ADAF2C /* OctcatRunTests */,
			);
		};
/* End PBXProject section */

/* Begin PBXResourcesBuildPhase section */
		6D09E2FC1A691C8500ADAF2C /* Resources */ = {
			isa = PBXResourcesBuildPhase;
			buildActionMask = 2147483647;
			files = (
				6D09E30D1A691C8500ADAF2C /* Main.storyboard in Resources */,
				6D09E3121A691C8500ADAF2C /* LaunchScreen.xib in Resources */,
				6D09E30F1A691C8500ADAF2C /* Images.xcassets in Resources */,
			);
			runOnlyForDeploymentPostprocessing = 0;
		};
		6D09E3151A691C8500ADAF2C /* Resources */ = {
			isa = PBXResourcesBuildPhase;
			buildActionMask = 2147483647;
			files = (
			);
			runOnlyForDeploymentPostprocessing = 0;
		};
/* End PBXResourcesBuildPhase section */

/* Begin PBXSourcesBuildPhase section */
		6D09E2FA1A691C8500ADAF2C /* Sources */ = {
			isa = PBXSourcesBuildPhase;
			buildActionMask = 2147483647;
			files = (
				6D09E30A1A691C8500ADAF2C /* ViewController.m in Sources */,
				6D09E3071A691C8500ADAF2C /* AppDelegate.m in Sources */,
				6D09E3041A691C8500ADAF2C /* main.m in Sources */,
			);
			runOnlyForDeploymentPostprocessing = 0;
		};
		6D09E3131A691C8500ADAF2C /* Sources */ = {
			isa = PBXSourcesBuildPhase;
			buildActionMask = 2147483647;
			files = (
				6D09E31E1A691C8500ADAF2C /* OctcatRunTests.m in Sources */,
			);
			runOnlyForDeploymentPostprocessing = 0;
		};
/* End PBXSourcesBuildPhase section */

/* Begin PBXTargetDependency section */
		6D09E3191A691C8500ADAF2C /* PBXTargetDependency */ = {
			isa = PBXTargetDependency;
			target = 6D09E2FD1A691C8500ADAF2C /* OctcatRun */;
			targetProxy = 6D09E3181A691C8500ADAF2C /* PBXContainerItemProxy */;
		};
/* End PBXTargetDependency section */

/* Begin PBXVariantGroup section */
		6D09E30B1A691C8500ADAF2C /* Main.storyboard */ = {
			isa = PBXVariantGroup;
			children = (
				6D09E30C1A691C8500ADAF2C /* Base */,
			);
			name = Main.storyboard;
			sourceTree = "<group>";
		};
		6D09E3101A691C8500ADAF2C /* LaunchScreen.xib */ = {
			isa = PBXVariantGroup;
			children = (
				6D09E3111A691C8500ADAF2C /* Base */,
			);
			name = LaunchScreen.xib;
			sourceTree = "<group>";
		};
/* End PBXVariantGroup section */

/* Begin XCBuildConfiguration section */
		6D09E31F1A691C8500ADAF2C /* Debug */ = {
			isa = XCBuildConfiguration;
			buildSettings = {
				ALWAYS_SEARCH_USER_PATHS = NO;
				CLANG_CXX_LANGUAGE_STANDARD = "gnu++0x";
				CLANG_CXX_LIBRARY = "libc++";
				CLANG_ENABLE_MODULES = YES;
				CLANG_ENABLE_OBJC_ARC = YES;
				CLANG_WARN_BOOL_CONVERSION = YES;
				CLANG_WARN_CONSTANT_CONVERSION = YES;
				CLANG_WARN_DIRECT_OBJC_ISA_USAGE = YES_ERROR;
				CLANG_WARN_EMPTY_BODY = YES;
				CLANG_WARN_ENUM_CONVERSION = YES;
				CLANG_WARN_INT_CONVERSION = YES;
				CLANG_WARN_OBJC_ROOT_CLASS = YES_ERROR;
				CLANG_WARN_UNREACHABLE_CODE = YES;
				CLANG_WARN__DUPLICATE_METHOD_MATCH = YES;
				"CODE_SIGN_IDENTITY[sdk=iphoneos*]" = "iPhone Developer";
				COPY_PHASE_STRIP = NO;
				ENABLE_STRICT_OBJC_MSGSEND = YES;
				GCC_C_LANGUAGE_STANDARD = gnu99;
				GCC_DYNAMIC_NO_PIC = NO;
				GCC_OPTIMIZATION_LEVEL = 0;
				GCC_PREPROCESSOR_DEFINITIONS = (
					"DEBUG=1",
					"$(inherited)",
				);
				GCC_SYMBOLS_PRIVATE_EXTERN = NO;
				GCC_WARN_64_TO_32_BIT_CONVERSION = YES;
				GCC_WARN_ABOUT_RETURN_TYPE = YES_ERROR;
				GCC_WARN_UNDECLARED_SELECTOR = YES;
				GCC_WARN_UNINITIALIZED_AUTOS = YES_AGGRESSIVE;
				GCC_WARN_UNUSED_FUNCTION = YES;
				GCC_WARN_UNUSED_VARIABLE = YES;
				IPHONEOS_DEPLOYMENT_TARGET = 8.1;
				MTL_ENABLE_DEBUG_INFO = YES;
				ONLY_ACTIVE_ARCH = YES;
				SDKROOT = iphoneos;
				TARGETED_DEVICE_FAMILY = "1,2";
			};
			name = Debug;
		};
		6D09E3201A691C8500ADAF2C /* Release */ = {
			isa = XCBuildConfiguration;
			buildSettings = {
				ALWAYS_SEARCH_USER_PATHS = NO;
				CLANG_CXX_LANGUAGE_STANDARD = "gnu++0x";
				CLANG_CXX_LIBRARY = "libc++";
				CLANG_ENABLE_MODULES = YES;
				CLANG_ENABLE_OBJC_ARC = YES;
				CLANG_WARN_BOOL_CONVERSION = YES;
				CLANG_WARN_CONSTANT_CONVERSION = YES;
				CLANG_WARN_DIRECT_OBJC_ISA_USAGE = YES_ERROR;
				CLANG_WARN_EMPTY_BODY = YES;
				CLANG_WARN_ENUM_CONVERSION = YES;
				CLANG_WARN_INT_CONVERSION = YES;
				CLANG_WARN_OBJC_ROOT_CLASS = YES_ERROR;
				CLANG_WARN_UNREACHABLE_CODE = YES;
				CLANG_WARN__DUPLICATE_METHOD_MATCH = YES;
				"CODE_SIGN_IDENTITY[sdk=iphoneos*]" = "iPhone Developer";
				COPY_PHASE_STRIP = YES;
				ENABLE_NS_ASSERTIONS = NO;
				ENABLE_STRICT_OBJC_MSGSEND = YES;
				GCC_C_LANGUAGE_STANDARD = gnu99;
				GCC_WARN_64_TO_32_BIT_CONVERSION = YES;
				GCC_WARN_ABOUT_RETURN_TYPE = YES_ERROR;
				GCC_WARN_UNDECLARED_SELECTOR = YES;
				GCC_WARN_UNINITIALIZED_AUTOS = YES_AGGRESSIVE;
				GCC_WARN_UNUSED_FUNCTION = YES;
				GCC_WARN_UNUSED_VARIABLE = YES;
				IPHONEOS_DEPLOYMENT_TARGET = 8.1;
				MTL_ENABLE_DEBUG_INFO = NO;
				SDKROOT = iphoneos;
				TARGETED_DEVICE_FAMILY = "1,2";
				VALIDATE_PRODUCT = YES;
			};
			name = Release;
		};
		6D09E3221A691C8500ADAF2C /* Debug */ = {
			isa = XCBuildConfiguration;
			buildSettings = {
				ASSETCATALOG_COMPILER_APPICON_NAME = AppIcon;
				INFOPLIST_FILE = OctcatRun/Info.plist;
				LD_RUNPATH_SEARCH_PATHS = "$(inherited) @executable_path/Frameworks";
				PRODUCT_NAME = "$(TARGET_NAME)";
			};
			name = Debug;
		};
		6D09E3231A691C8500ADAF2C /* Release */ = {
			isa = XCBuildConfiguration;
			buildSettings = {
				ASSETCATALOG_COMPILER_APPICON_NAME = AppIcon;
				INFOPLIST_FILE = OctcatRun/Info.plist;
				LD_RUNPATH_SEARCH_PATHS = "$(inherited) @executable_path/Frameworks";
				PRODUCT_NAME = "$(TARGET_NAME)";
			};
			name = Release;
		};
		6D09E3251A691C8500ADAF2C /* Debug */ = {
			isa = XCBuildConfiguration;
			buildSettings = {
				BUNDLE_LOADER = "$(TEST_HOST)";
				FRAMEWORK_SEARCH_PATHS = (
					"$(SDKROOT)/Developer/Library/Frameworks",
					"$(inherited)",
				);
				GCC_PREPROCESSOR_DEFINITIONS = (
					"DEBUG=1",
					"$(inherited)",
				);
				INFOPLIST_FILE = OctcatRunTests/Info.plist;
				LD_RUNPATH_SEARCH_PATHS = "$(inherited) @executable_path/Frameworks @loader_path/Frameworks";
				PRODUCT_NAME = "$(TARGET_NAME)";
				TEST_HOST = "$(BUILT_PRODUCTS_DIR)/OctcatRun.app/OctcatRun";
			};
			name = Debug;
		};
		6D09E3261A691C8500ADAF2C /* Release */ = {
			isa = XCBuildConfiguration;
			buildSettings = {
				BUNDLE_LOADER = "$(TEST_HOST)";
				FRAMEWORK_SEARCH_PATHS = (
					"$(SDKROOT)/Developer/Library/Frameworks",
					"$(inherited)",
				);
				INFOPLIST_FILE = OctcatRunTests/Info.plist;
				LD_RUNPATH_SEARCH_PATHS = "$(inherited) @executable_path/Frameworks @loader_path/Frameworks";
				PRODUCT_NAME = "$(TARGET_NAME)";
				TEST_HOST = "$(BUILT_PRODUCTS_DIR)/OctcatRun.app/OctcatRun";
			};
			name = Release;
		};
/* End XCBuildConfiguration section */

/* Begin XCConfigurationList section */
		6D09E2F91A691C8500ADAF2C /* Build configuration list for PBXProject "OctcatRun" */ = {
			isa = XCConfigurationList;
			buildConfigurations = (
				6D09E31F1A691C8500ADAF2C /* Debug */,
				6D09E3201A691C8500ADAF2C /* Release */,
			);
			defaultConfigurationIsVisible = 0;
			defaultConfigurationName = Release;
		};
		6D09E3211A691C8500ADAF2C /* Build configuration list for PBXNativeTarget "OctcatRun" */ = {
			isa = XCConfigurationList;
			buildConfigurations = (
				6D09E3221A691C8500ADAF2C /* Debug */,
				6D09E3231A691C8500ADAF2C /* Release */,
			);
			defaultConfigurationIsVisible = 0;
		};
		6D09E3241A691C8500ADAF2C /* Build configuration list for PBXNativeTarget "OctcatRunTests" */ = {
			isa = XCConfigurationList;
			buildConfigurations = (
				6D09E3251A691C8500ADAF2C /* Debug */,
				6D09E3261A691C8500ADAF2C /* Release */,
			);
			defaultConfigurationIsVisible = 0;
		};
/* End XCConfigurationList section */
	};
	rootObject = 6D09E2F61A691C8500ADAF2C /* Project object */;
}
